
Microsoft Visual Studio Solution File, Format Version 12.00
# Visual Studio Version 17
VisualStudioVersion = 17.0.31903.59
MinimumVisualStudioVersion = 10.0.40219.1
Project("{FAE04EC0-301F-11D3-BF4B-00C04F79EFBC}") = "ManagementPortal.Data", "ManagementPortal.Data\ManagementPortal.Data.csproj", "{9717B5E3-19E8-49AC-987C-C66E28C7D1DE}"
EndProject
Project("{FAE04EC0-301F-11D3-BF4B-00C04F79EFBC}") = "ManagementPortal.Web", "ManagementPortal.Web\ManagementPortal.Web.csproj", "{1B84A4E1-D55C-40CE-89F3-4313BBA3DF71}"
EndProject
Project("{FAE04EC0-301F-11D3-BF4B-00C04F79EFBC}") = "ManagementPortal.Services", "ManagementPortal.Services\ManagementPortal.Services.csproj", "{99776FAB-13B8-4F4B-AE25-26774EF8E170}"
EndProject
Project("{FAE04EC0-301F-11D3-BF4B-00C04F79EFBC}") = "ManagementPortal.Test", "ManagementPortal.Test\ManagementPortal.Test.csproj", "{A6F3C63A-C0FF-48CA-862F-ACDF0E0980D5}"
EndProject
Global
	GlobalSection(SolutionConfigurationPlatforms) = preSolution
		Debug|Any CPU = Debug|Any CPU
		Release|Any CPU = Release|Any CPU
	EndGlobalSection
	GlobalSection(SolutionProperties) = preSolution
		HideSolutionNode = FALSE
	EndGlobalSection
	GlobalSection(ProjectConfigurationPlatforms) = postSolution
		{9717B5E3-19E8-49AC-987C-C66E28C7D1DE}.Debug|Any CPU.ActiveCfg = Debug|Any CPU
		{9717B5E3-19E8-49AC-987C-C66E28C7D1DE}.Debug|Any CPU.Build.0 = Debug|Any CPU
		{9717B5E3-19E8-49AC-987C-C66E28C7D1DE}.Release|Any CPU.ActiveCfg = Release|Any CPU
		{9717B5E3-19E8-49AC-987C-C66E28C7D1DE}.Release|Any CPU.Build.0 = Release|Any CPU
		{1B84A4E1-D55C-40CE-89F3-4313BBA3DF71}.Debug|Any CPU.ActiveCfg = Debug|Any CPU
		{1B84A4E1-D55C-40CE-89F3-4313BBA3DF71}.Debug|Any CPU.Build.0 = Debug|Any CPU
		{1B84A4E1-D55C-40CE-89F3-4313BBA3DF71}.Release|Any CPU.ActiveCfg = Release|Any CPU
		{1B84A4E1-D55C-40CE-89F3-4313BBA3DF71}.Release|Any CPU.Build.0 = Release|Any CPU
		{99776FAB-13B8-4F4B-AE25-26774EF8E170}.Debug|Any CPU.ActiveCfg = Debug|Any CPU
		{99776FAB-13B8-4F4B-AE25-26774EF8E170}.Debug|Any CPU.Build.0 = Debug|Any CPU
		{99776FAB-13B8-4F4B-AE25-26774EF8E170}.Release|Any CPU.ActiveCfg = Release|Any CPU
		{99776FAB-13B8-4F4B-AE25-26774EF8E170}.Release|Any CPU.Build.0 = Release|Any CPU
		{A6F3C63A-C0FF-48CA-862F-ACDF0E0980D5}.Debug|Any CPU.ActiveCfg = Debug|Any CPU
		{A6F3C63A-C0FF-48CA-862F-ACDF0E0980D5}.Debug|Any CPU.Build.0 = Debug|Any CPU
		{A6F3C63A-C0FF-48CA-862F-ACDF0E0980D5}.Release|Any CPU.ActiveCfg = Release|Any CPU
		{A6F3C63A-C0FF-48CA-862F-ACDF0E0980D5}.Release|Any CPU.Build.0 = Release|Any CPU
	EndGlobalSection
EndGlobal
